
Microsoft Visual Studio Solution File, Format Version 12.00
# Visual Studio Version 17
VisualStudioVersion = 17.0.32014.148
MinimumVisualStudioVersion = 10.0.40219.1
Project("{FAE04EC0-301F-11D3-BF4B-00C04F79EFBC}") = "mediator", "mediator\mediator.csproj", "{405EEAFC-FDF0-44DC-87FB-24E4C3819EB3}"
EndProject
Global
	GlobalSection(SolutionConfigurationPlatforms) = preSolution
		Debug|Any CPU = Debug|Any CPU
		Release|Any CPU = Release|Any CPU
	EndGlobalSection
	GlobalSection(ProjectConfigurationPlatforms) = postSolution
		{405EEAFC-FDF0-44DC-87FB-24E4C3819EB3}.Debug|Any CPU.ActiveCfg = Debug|Any CPU
		{405EEAFC-FDF0-44DC-87FB-24E4C3819EB3}.Debug|Any CPU.Build.0 = Debug|Any CPU
		{405EEAFC-FDF0-44DC-87FB-24E4C3819EB3}.Release|Any CPU.ActiveCfg = Release|Any CPU
		{405EEAFC-FDF0-44DC-87FB-24E4C3819EB3}.Release|Any CPU.Build.0 = Release|Any CPU
	EndGlobalSection
	GlobalSection(SolutionProperties) = preSolution
		HideSolutionNode = FALSE
	EndGlobalSection
	GlobalSection(ExtensibilityGlobals) = postSolution
		SolutionGuid = {27B43C4F-48BE-422D-9CDE-F119CF8F19F5}
	EndGlobalSection
EndGlobal
