
Microsoft Visual Studio Solution File, Format Version 12.00
# Visual Studio Version 17
VisualStudioVersion = 17.0.32014.148
MinimumVisualStudioVersion = 10.0.40219.1
Project("{FAE04EC0-301F-11D3-BF4B-00C04F79EFBC}") = "DemoFlyWeight", "DemoFlyWeight\DemoFlyWeight.csproj", "{BBD8B986-A99C-455F-9052-80982CBE825F}"
EndProject
Global
	GlobalSection(SolutionConfigurationPlatforms) = preSolution
		Debug|Any CPU = Debug|Any CPU
		Release|Any CPU = Release|Any CPU
	EndGlobalSection
	GlobalSection(ProjectConfigurationPlatforms) = postSolution
		{BBD8B986-A99C-455F-9052-80982CBE825F}.Debug|Any CPU.ActiveCfg = Debug|Any CPU
		{BBD8B986-A99C-455F-9052-80982CBE825F}.Debug|Any CPU.Build.0 = Debug|Any CPU
		{BBD8B986-A99C-455F-9052-80982CBE825F}.Release|Any CPU.ActiveCfg = Release|Any CPU
		{BBD8B986-A99C-455F-9052-80982CBE825F}.Release|Any CPU.Build.0 = Release|Any CPU
	EndGlobalSection
	GlobalSection(SolutionProperties) = preSolution
		HideSolutionNode = FALSE
	EndGlobalSection
	GlobalSection(ExtensibilityGlobals) = postSolution
		SolutionGuid = {F1C39F98-6D5F-4224-B490-D0C7F8F710A3}
	EndGlobalSection
EndGlobal
